
Microsoft Visual Studio Solution File, Format Version 12.00
# Visual Studio Version 17
VisualStudioVersion = 17.1.32407.343
MinimumVisualStudioVersion = 10.0.40219.1
Project("{FAE04EC0-301F-11D3-BF4B-00C04F79EFBC}") = "Arrays2", "Arrays2\Arrays2.csproj", "{9D9E8FD9-9279-4B0B-A45B-29E981FAB413}"
EndProject
Global
	GlobalSection(SolutionConfigurationPlatforms) = preSolution
		Debug|Any CPU = Debug|Any CPU
		Release|Any CPU = Release|Any CPU
	EndGlobalSection
	GlobalSection(ProjectConfigurationPlatforms) = postSolution
		{9D9E8FD9-9279-4B0B-A45B-29E981FAB413}.Debug|Any CPU.ActiveCfg = Debug|Any CPU
		{9D9E8FD9-9279-4B0B-A45B-29E981FAB413}.Debug|Any CPU.Build.0 = Debug|Any CPU
		{9D9E8FD9-9279-4B0B-A45B-29E981FAB413}.Release|Any CPU.ActiveCfg = Release|Any CPU
		{9D9E8FD9-9279-4B0B-A45B-29E981FAB413}.Release|Any CPU.Build.0 = Release|Any CPU
	EndGlobalSection
	GlobalSection(SolutionProperties) = preSolution
		HideSolutionNode = FALSE
	EndGlobalSection
	GlobalSection(ExtensibilityGlobals) = postSolution
		SolutionGuid = {40242B88-0848-4D2F-A726-7092BB89C4F6}
	EndGlobalSection
EndGlobal
