
Microsoft Visual Studio Solution File, Format Version 12.00
# Visual Studio Version 17
VisualStudioVersion = 17.1.32407.343
MinimumVisualStudioVersion = 10.0.40219.1
Project("{FAE04EC0-301F-11D3-BF4B-00C04F79EFBC}") = "Arrays", "Arrays\Arrays.csproj", "{310244B1-ECB9-4A12-883B-5558D9959DF3}"
EndProject
Global
	GlobalSection(SolutionConfigurationPlatforms) = preSolution
		Debug|Any CPU = Debug|Any CPU
		Release|Any CPU = Release|Any CPU
	EndGlobalSection
	GlobalSection(ProjectConfigurationPlatforms) = postSolution
		{310244B1-ECB9-4A12-883B-5558D9959DF3}.Debug|Any CPU.ActiveCfg = Debug|Any CPU
		{310244B1-ECB9-4A12-883B-5558D9959DF3}.Debug|Any CPU.Build.0 = Debug|Any CPU
		{310244B1-ECB9-4A12-883B-5558D9959DF3}.Release|Any CPU.ActiveCfg = Release|Any CPU
		{310244B1-ECB9-4A12-883B-5558D9959DF3}.Release|Any CPU.Build.0 = Release|Any CPU
	EndGlobalSection
	GlobalSection(SolutionProperties) = preSolution
		HideSolutionNode = FALSE
	EndGlobalSection
	GlobalSection(ExtensibilityGlobals) = postSolution
		SolutionGuid = {97276D20-62A6-487E-ACBD-8010AFB59410}
	EndGlobalSection
EndGlobal
