
Microsoft Visual Studio Solution File, Format Version 12.00
# Visual Studio Version 17
VisualStudioVersion = 17.1.32319.34
MinimumVisualStudioVersion = 10.0.40219.1
Project("{FAE04EC0-301F-11D3-BF4B-00C04F79EFBC}") = "Condicionales", "Condicionales\Condicionales.csproj", "{A78303A4-7247-4805-B2AE-09F0C260236D}"
EndProject
Global
	GlobalSection(SolutionConfigurationPlatforms) = preSolution
		Debug|Any CPU = Debug|Any CPU
		Release|Any CPU = Release|Any CPU
	EndGlobalSection
	GlobalSection(ProjectConfigurationPlatforms) = postSolution
		{A78303A4-7247-4805-B2AE-09F0C260236D}.Debug|Any CPU.ActiveCfg = Debug|Any CPU
		{A78303A4-7247-4805-B2AE-09F0C260236D}.Debug|Any CPU.Build.0 = Debug|Any CPU
		{A78303A4-7247-4805-B2AE-09F0C260236D}.Release|Any CPU.ActiveCfg = Release|Any CPU
		{A78303A4-7247-4805-B2AE-09F0C260236D}.Release|Any CPU.Build.0 = Release|Any CPU
	EndGlobalSection
	GlobalSection(SolutionProperties) = preSolution
		HideSolutionNode = FALSE
	EndGlobalSection
	GlobalSection(ExtensibilityGlobals) = postSolution
		SolutionGuid = {0A3EBF66-785A-45FE-B68E-81BB5435FA66}
	EndGlobalSection
EndGlobal
